// !$*UTF8*$!
{
	archiveVersion = 1;
	classes = {
	};
	objectVersion = 50;
	objects = {

/* Begin PBXBuildFile section */
		5E00947B23E0EC3D005C5DD7 /* AppDelegate.swift in Sources */ = {isa = PBXBuildFile; fileRef = 5E00947A23E0EC3D005C5DD7 /* AppDelegate.swift */; };
		5E00947D23E0EC3D005C5DD7 /* SceneDelegate.swift in Sources */ = {isa = PBXBuildFile; fileRef = 5E00947C23E0EC3D005C5DD7 /* SceneDelegate.swift */; };
		5E00947F23E0EC3D005C5DD7 /* ViewController.swift in Sources */ = {isa = PBXBuildFile; fileRef = 5E00947E23E0EC3D005C5DD7 /* ViewController.swift */; };
		5E00948223E0EC3D005C5DD7 /* Main.storyboard in Resources */ = {isa = PBXBuildFile; fileRef = 5E00948023E0EC3D005C5DD7 /* Main.storyboard */; };
		5E00948423E0EC40005C5DD7 /* Assets.xcassets in Resources */ = {isa = PBXBuildFile; fileRef = 5E00948323E0EC40005C5DD7 /* Assets.xcassets */; };
		5E00948723E0EC40005C5DD7 /* LaunchScreen.storyboard in Resources */ = {isa = PBXBuildFile; fileRef = 5E00948523E0EC40005C5DD7 /* LaunchScreen.storyboard */; };
		5E0094D123E23BF7005C5DD7 /* ChromaKeyMaterial.swift in Sources */ = {isa = PBXBuildFile; fileRef = 5E0094D023E23BF7005C5DD7 /* ChromaKeyMaterial.swift */; };
		5E0094D923E25155005C5DD7 /* CardNode.swift in Sources */ = {isa = PBXBuildFile; fileRef = 5E0094D823E25155005C5DD7 /* CardNode.swift */; };
		5E0094DB23E25176005C5DD7 /* Card.swift in Sources */ = {isa = PBXBuildFile; fileRef = 5E0094DA23E25176005C5DD7 /* Card.swift */; };
		5E4F7BC223E3925A0052D30F /* Family.swift in Sources */ = {isa = PBXBuildFile; fileRef = 5E4F7BC123E3925A0052D30F /* Family.swift */; };
		5E4F7BC423E3926F0052D30F /* Person.swift in Sources */ = {isa = PBXBuildFile; fileRef = 5E4F7BC323E3926F0052D30F /* Person.swift */; };
		5E4F7BC623E392AA0052D30F /* Model.swift in Sources */ = {isa = PBXBuildFile; fileRef = 5E4F7BC523E392AA0052D30F /* Model.swift */; };
		5E4F7BCA23E3C46C0052D30F /* TesteMaterial.swift in Sources */ = {isa = PBXBuildFile; fileRef = 5E4F7BC923E3C46C0052D30F /* TesteMaterial.swift */; };
		5E7DE99C23E886B500286DE4 /* boris.mov in Resources */ = {isa = PBXBuildFile; fileRef = 5E7DE98D23E886B200286DE4 /* boris.mov */; };
		5E7DE99D23E886B500286DE4 /* lorena.mov in Resources */ = {isa = PBXBuildFile; fileRef = 5E7DE98E23E886B200286DE4 /* lorena.mov */; };
		5E7DE99E23E886B500286DE4 /* lupita.mov in Resources */ = {isa = PBXBuildFile; fileRef = 5E7DE98F23E886B200286DE4 /* lupita.mov */; };
		5E7DE99F23E886B500286DE4 /* henrique.mov in Resources */ = {isa = PBXBuildFile; fileRef = 5E7DE99023E886B300286DE4 /* henrique.mov */; };
		5E7DE9A023E886B500286DE4 /* gustavo.mov in Resources */ = {isa = PBXBuildFile; fileRef = 5E7DE99123E886B300286DE4 /* gustavo.mov */; };
		5E7DE9A123E886B500286DE4 /* willinha.mov in Resources */ = {isa = PBXBuildFile; fileRef = 5E7DE99223E886B300286DE4 /* willinha.mov */; };
		5E7DE9A223E886B500286DE4 /* lara.mov in Resources */ = {isa = PBXBuildFile; fileRef = 5E7DE99323E886B300286DE4 /* lara.mov */; };
		5E7DE9A323E886B500286DE4 /* toddy.mov in Resources */ = {isa = PBXBuildFile; fileRef = 5E7DE99423E886B300286DE4 /* toddy.mov */; };
		5E7DE9A423E886B500286DE4 /* wesllen.mov in Resources */ = {isa = PBXBuildFile; fileRef = 5E7DE99523E886B400286DE4 /* wesllen.mov */; };
		5E7DE9A523E886B500286DE4 /* arthur.mov in Resources */ = {isa = PBXBuildFile; fileRef = 5E7DE99623E886B400286DE4 /* arthur.mov */; };
		5E7DE9A623E886B500286DE4 /* wellignton.mov in Resources */ = {isa = PBXBuildFile; fileRef = 5E7DE99723E886B400286DE4 /* wellignton.mov */; };
		5E7DE9A723E886B500286DE4 /* murilo.mov in Resources */ = {isa = PBXBuildFile; fileRef = 5E7DE99823E886B400286DE4 /* murilo.mov */; };
		5E7DE9A923E886B500286DE4 /* heloisa.mov in Resources */ = {isa = PBXBuildFile; fileRef = 5E7DE99A23E886B400286DE4 /* heloisa.mov */; };
		5E7DE9AA23E886B500286DE4 /* clailtinho.mov in Resources */ = {isa = PBXBuildFile; fileRef = 5E7DE99B23E886B500286DE4 /* clailtinho.mov */; };
		5EAD14722401A73300B860B6 /* Tappable.swift in Sources */ = {isa = PBXBuildFile; fileRef = 5EAD14712401A73300B860B6 /* Tappable.swift */; };
		5EC2434823E4EDE000748D36 /* HologramMaterial.swift in Sources */ = {isa = PBXBuildFile; fileRef = 5EC2434723E4EDE000748D36 /* HologramMaterial.swift */; };
		5EC2434A23E6DAA100748D36 /* HologramNode.swift in Sources */ = {isa = PBXBuildFile; fileRef = 5EC2434923E6DAA000748D36 /* HologramNode.swift */; };
		5EC2434C23E6DF4400748D36 /* TreeNode.swift in Sources */ = {isa = PBXBuildFile; fileRef = 5EC2434B23E6DF4400748D36 /* TreeNode.swift */; };
		5EC2434E23E72FD700748D36 /* Date+Extension.swift in Sources */ = {isa = PBXBuildFile; fileRef = 5EC2434D23E72FD700748D36 /* Date+Extension.swift */; };
		5EC2435023E737FD00748D36 /* SCNNode+Extension.swift in Sources */ = {isa = PBXBuildFile; fileRef = 5EC2434F23E737FD00748D36 /* SCNNode+Extension.swift */; };
		5EC2435323E7943000748D36 /* tech_pedestal.usdz in Resources */ = {isa = PBXBuildFile; fileRef = 5EC2435223E7943000748D36 /* tech_pedestal.usdz */; };
		5EE350E123E84A6F003C7713 /* start.mp4 in Resources */ = {isa = PBXBuildFile; fileRef = 5EE350DD23E84A6C003C7713 /* start.mp4 */; };
		5EE350E223E84A6F003C7713 /* presentation.mp4 in Resources */ = {isa = PBXBuildFile; fileRef = 5EE350DE23E84A6E003C7713 /* presentation.mp4 */; };
		5EE350E323E84A6F003C7713 /* instructions.mp4 in Resources */ = {isa = PBXBuildFile; fileRef = 5EE350DF23E84A6E003C7713 /* instructions.mp4 */; };
		5EE350E423E84A6F003C7713 /* intro.mp4 in Resources */ = {isa = PBXBuildFile; fileRef = 5EE350E023E84A6F003C7713 /* intro.mp4 */; };
		5EE350EB23E84D31003C7713 /* waiting.mp4 in Resources */ = {isa = PBXBuildFile; fileRef = 5EE350E923E84D31003C7713 /* waiting.mp4 */; };
		5EE350EC23E84D31003C7713 /* waiting_no_song.mp4 in Resources */ = {isa = PBXBuildFile; fileRef = 5EE350EA23E84D31003C7713 /* waiting_no_song.mp4 */; };
/* End PBXBuildFile section */

/* Begin PBXFileReference section */
		5E00947723E0EC3D005C5DD7 /* VivazTree.app */ = {isa = PBXFileReference; explicitFileType = wrapper.application; includeInIndex = 0; path = VivazTree.app; sourceTree = BUILT_PRODUCTS_DIR; };
		5E00947A23E0EC3D005C5DD7 /* AppDelegate.swift */ = {isa = PBXFileReference; lastKnownFileType = sourcecode.swift; path = AppDelegate.swift; sourceTree = "<group>"; };
		5E00947C23E0EC3D005C5DD7 /* SceneDelegate.swift */ = {isa = PBXFileReference; lastKnownFileType = sourcecode.swift; path = SceneDelegate.swift; sourceTree = "<group>"; };
		5E00947E23E0EC3D005C5DD7 /* ViewController.swift */ = {isa = PBXFileReference; lastKnownFileType = sourcecode.swift; path = ViewController.swift; sourceTree = "<group>"; };
		5E00948123E0EC3D005C5DD7 /* Base */ = {isa = PBXFileReference; lastKnownFileType = file.storyboard; name = Base; path = Base.lproj/Main.storyboard; sourceTree = "<group>"; };
		5E00948323E0EC40005C5DD7 /* Assets.xcassets */ = {isa = PBXFileReference; lastKnownFileType = folder.assetcatalog; path = Assets.xcassets; sourceTree = "<group>"; };
		5E00948623E0EC40005C5DD7 /* Base */ = {isa = PBXFileReference; lastKnownFileType = file.storyboard; name = Base; path = Base.lproj/LaunchScreen.storyboard; sourceTree = "<group>"; };
		5E00948823E0EC40005C5DD7 /* Info.plist */ = {isa = PBXFileReference; lastKnownFileType = text.plist.xml; path = Info.plist; sourceTree = "<group>"; };
		5E0094D023E23BF7005C5DD7 /* ChromaKeyMaterial.swift */ = {isa = PBXFileReference; lastKnownFileType = sourcecode.swift; path = ChromaKeyMaterial.swift; sourceTree = "<group>"; };
		5E0094D823E25155005C5DD7 /* CardNode.swift */ = {isa = PBXFileReference; lastKnownFileType = sourcecode.swift; path = CardNode.swift; sourceTree = "<group>"; };
		5E0094DA23E25176005C5DD7 /* Card.swift */ = {isa = PBXFileReference; lastKnownFileType = sourcecode.swift; path = Card.swift; sourceTree = "<group>"; };
		5E4F7BC123E3925A0052D30F /* Family.swift */ = {isa = PBXFileReference; lastKnownFileType = sourcecode.swift; path = Family.swift; sourceTree = "<group>"; };
		5E4F7BC323E3926F0052D30F /* Person.swift */ = {isa = PBXFileReference; lastKnownFileType = sourcecode.swift; path = Person.swift; sourceTree = "<group>"; };
		5E4F7BC523E392AA0052D30F /* Model.swift */ = {isa = PBXFileReference; lastKnownFileType = sourcecode.swift; path = Model.swift; sourceTree = "<group>"; };
		5E4F7BC923E3C46C0052D30F /* TesteMaterial.swift */ = {isa = PBXFileReference; lastKnownFileType = sourcecode.swift; path = TesteMaterial.swift; sourceTree = "<group>"; };
		5E7DE98D23E886B200286DE4 /* boris.mov */ = {isa = PBXFileReference; lastKnownFileType = video.quicktime; path = boris.mov; sourceTree = "<group>"; };
		5E7DE98E23E886B200286DE4 /* lorena.mov */ = {isa = PBXFileReference; lastKnownFileType = video.quicktime; path = lorena.mov; sourceTree = "<group>"; };
		5E7DE98F23E886B200286DE4 /* lupita.mov */ = {isa = PBXFileReference; lastKnownFileType = video.quicktime; path = lupita.mov; sourceTree = "<group>"; };
		5E7DE99023E886B300286DE4 /* henrique.mov */ = {isa = PBXFileReference; lastKnownFileType = video.quicktime; path = henrique.mov; sourceTree = "<group>"; };
		5E7DE99123E886B300286DE4 /* gustavo.mov */ = {isa = PBXFileReference; lastKnownFileType = video.quicktime; path = gustavo.mov; sourceTree = "<group>"; };
		5E7DE99223E886B300286DE4 /* willinha.mov */ = {isa = PBXFileReference; lastKnownFileType = video.quicktime; path = willinha.mov; sourceTree = "<group>"; };
		5E7DE99323E886B300286DE4 /* lara.mov */ = {isa = PBXFileReference; lastKnownFileType = video.quicktime; path = lara.mov; sourceTree = "<group>"; };
		5E7DE99423E886B300286DE4 /* toddy.mov */ = {isa = PBXFileReference; lastKnownFileType = video.quicktime; path = toddy.mov; sourceTree = "<group>"; };
		5E7DE99523E886B400286DE4 /* wesllen.mov */ = {isa = PBXFileReference; lastKnownFileType = video.quicktime; path = wesllen.mov; sourceTree = "<group>"; };
		5E7DE99623E886B400286DE4 /* arthur.mov */ = {isa = PBXFileReference; lastKnownFileType = video.quicktime; path = arthur.mov; sourceTree = "<group>"; };
		5E7DE99723E886B400286DE4 /* wellignton.mov */ = {isa = PBXFileReference; lastKnownFileType = video.quicktime; path = wellignton.mov; sourceTree = "<group>"; };
		5E7DE99823E886B400286DE4 /* murilo.mov */ = {isa = PBXFileReference; lastKnownFileType = video.quicktime; path = murilo.mov; sourceTree = "<group>"; };
		5E7DE99A23E886B400286DE4 /* heloisa.mov */ = {isa = PBXFileReference; lastKnownFileType = video.quicktime; path = heloisa.mov; sourceTree = "<group>"; };
		5E7DE99B23E886B500286DE4 /* clailtinho.mov */ = {isa = PBXFileReference; lastKnownFileType = video.quicktime; path = clailtinho.mov; sourceTree = "<group>"; };
		5EAD14712401A73300B860B6 /* Tappable.swift */ = {isa = PBXFileReference; lastKnownFileType = sourcecode.swift; path = Tappable.swift; sourceTree = "<group>"; };
		5EC2434723E4EDE000748D36 /* HologramMaterial.swift */ = {isa = PBXFileReference; lastKnownFileType = sourcecode.swift; path = HologramMaterial.swift; sourceTree = "<group>"; };
		5EC2434923E6DAA000748D36 /* HologramNode.swift */ = {isa = PBXFileReference; lastKnownFileType = sourcecode.swift; path = HologramNode.swift; sourceTree = "<group>"; };
		5EC2434B23E6DF4400748D36 /* TreeNode.swift */ = {isa = PBXFileReference; lastKnownFileType = sourcecode.swift; path = TreeNode.swift; sourceTree = "<group>"; };
		5EC2434D23E72FD700748D36 /* Date+Extension.swift */ = {isa = PBXFileReference; lastKnownFileType = sourcecode.swift; path = "Date+Extension.swift"; sourceTree = "<group>"; };
		5EC2434F23E737FD00748D36 /* SCNNode+Extension.swift */ = {isa = PBXFileReference; lastKnownFileType = sourcecode.swift; path = "SCNNode+Extension.swift"; sourceTree = "<group>"; };
		5EC2435223E7943000748D36 /* tech_pedestal.usdz */ = {isa = PBXFileReference; lastKnownFileType = file.usdz; path = tech_pedestal.usdz; sourceTree = "<group>"; };
		5EE350DD23E84A6C003C7713 /* start.mp4 */ = {isa = PBXFileReference; lastKnownFileType = file; path = start.mp4; sourceTree = "<group>"; };
		5EE350DE23E84A6E003C7713 /* presentation.mp4 */ = {isa = PBXFileReference; lastKnownFileType = file; path = presentation.mp4; sourceTree = "<group>"; };
		5EE350DF23E84A6E003C7713 /* instructions.mp4 */ = {isa = PBXFileReference; lastKnownFileType = file; path = instructions.mp4; sourceTree = "<group>"; };
		5EE350E023E84A6F003C7713 /* intro.mp4 */ = {isa = PBXFileReference; lastKnownFileType = file; path = intro.mp4; sourceTree = "<group>"; };
		5EE350E923E84D31003C7713 /* waiting.mp4 */ = {isa = PBXFileReference; lastKnownFileType = file; path = waiting.mp4; sourceTree = "<group>"; };
		5EE350EA23E84D31003C7713 /* waiting_no_song.mp4 */ = {isa = PBXFileReference; lastKnownFileType = file; path = waiting_no_song.mp4; sourceTree = "<group>"; };
/* End PBXFileReference section */

/* Begin PBXFrameworksBuildPhase section */
		5E00947423E0EC3D005C5DD7 /* Frameworks */ = {
			isa = PBXFrameworksBuildPhase;
			buildActionMask = 2147483647;
			files = (
			);
			runOnlyForDeploymentPostprocessing = 0;
		};
/* End PBXFrameworksBuildPhase section */

/* Begin PBXGroup section */
		5E00946E23E0EC3D005C5DD7 = {
			isa = PBXGroup;
			children = (
				5E00947923E0EC3D005C5DD7 /* VivazTree */,
				5E00947823E0EC3D005C5DD7 /* Products */,
			);
			sourceTree = "<group>";
		};
		5E00947823E0EC3D005C5DD7 /* Products */ = {
			isa = PBXGroup;
			children = (
				5E00947723E0EC3D005C5DD7 /* VivazTree.app */,
			);
			name = Products;
			sourceTree = "<group>";
		};
		5E00947923E0EC3D005C5DD7 /* VivazTree */ = {
			isa = PBXGroup;
			children = (
				5E4F7BBA23E3915A0052D30F /* Model */,
				5E4F7BBB23E391660052D30F /* View */,
				5E4F7BBE23E391760052D30F /* Material */,
				5E4F7BBC23E391690052D30F /* ViewController */,
				5EC2435123E74AE400748D36 /* Extension */,
				5E4F7BBD23E391710052D30F /* Assets */,
				5E4F7BBF23E3917C0052D30F /* Support Files */,
				5E00948823E0EC40005C5DD7 /* Info.plist */,
			);
			path = VivazTree;
			sourceTree = "<group>";
		};
		5E4F7BBA23E3915A0052D30F /* Model */ = {
			isa = PBXGroup;
			children = (
				5E0094DA23E25176005C5DD7 /* Card.swift */,
				5E4F7BC123E3925A0052D30F /* Family.swift */,
				5E4F7BC323E3926F0052D30F /* Person.swift */,
				5E4F7BC523E392AA0052D30F /* Model.swift */,
				5EAD14712401A73300B860B6 /* Tappable.swift */,
			);
			path = Model;
			sourceTree = "<group>";
		};
		5E4F7BBB23E391660052D30F /* View */ = {
			isa = PBXGroup;
			children = (
				5E0094D823E25155005C5DD7 /* CardNode.swift */,
				5EC2434923E6DAA000748D36 /* HologramNode.swift */,
				5EC2434B23E6DF4400748D36 /* TreeNode.swift */,
			);
			path = View;
			sourceTree = "<group>";
		};
		5E4F7BBC23E391690052D30F /* ViewController */ = {
			isa = PBXGroup;
			children = (
				5E00947E23E0EC3D005C5DD7 /* ViewController.swift */,
			);
			path = ViewController;
			sourceTree = "<group>";
		};
		5E4F7BBD23E391710052D30F /* Assets */ = {
			isa = PBXGroup;
			children = (
				5E7DE98C23E8869100286DE4 /* Videos */,
				5EE350DC23E84A63003C7713 /* Hologram */,
				5EC2435223E7943000748D36 /* tech_pedestal.usdz */,
			);
			path = Assets;
			sourceTree = "<group>";
		};
		5E4F7BBE23E391760052D30F /* Material */ = {
			isa = PBXGroup;
			children = (
				5E0094D023E23BF7005C5DD7 /* ChromaKeyMaterial.swift */,
				5E4F7BC923E3C46C0052D30F /* TesteMaterial.swift */,
				5EC2434723E4EDE000748D36 /* HologramMaterial.swift */,
			);
			path = Material;
			sourceTree = "<group>";
		};
		5E4F7BBF23E3917C0052D30F /* Support Files */ = {
			isa = PBXGroup;
			children = (
				5E00947A23E0EC3D005C5DD7 /* AppDelegate.swift */,
				5E00947C23E0EC3D005C5DD7 /* SceneDelegate.swift */,
				5E00948023E0EC3D005C5DD7 /* Main.storyboard */,
				5E00948323E0EC40005C5DD7 /* Assets.xcassets */,
				5E00948523E0EC40005C5DD7 /* LaunchScreen.storyboard */,
			);
			path = "Support Files";
			sourceTree = "<group>";
		};
		5E7DE98C23E8869100286DE4 /* Videos */ = {
			isa = PBXGroup;
			children = (
				5E7DE99623E886B400286DE4 /* arthur.mov */,
				5E7DE98D23E886B200286DE4 /* boris.mov */,
				5E7DE99B23E886B500286DE4 /* clailtinho.mov */,
				5E7DE99123E886B300286DE4 /* gustavo.mov */,
				5E7DE99A23E886B400286DE4 /* heloisa.mov */,
				5E7DE99023E886B300286DE4 /* henrique.mov */,
				5E7DE99323E886B300286DE4 /* lara.mov */,
				5E7DE98E23E886B200286DE4 /* lorena.mov */,
				5E7DE98F23E886B200286DE4 /* lupita.mov */,
				5E7DE99823E886B400286DE4 /* murilo.mov */,
				5E7DE99423E886B300286DE4 /* toddy.mov */,
				5E7DE99723E886B400286DE4 /* wellignton.mov */,
				5E7DE99523E886B400286DE4 /* wesllen.mov */,
				5E7DE99223E886B300286DE4 /* willinha.mov */,
			);
			path = Videos;
			sourceTree = "<group>";
		};
		5EC2435123E74AE400748D36 /* Extension */ = {
			isa = PBXGroup;
			children = (
				5EC2434D23E72FD700748D36 /* Date+Extension.swift */,
				5EC2434F23E737FD00748D36 /* SCNNode+Extension.swift */,
			);
			path = Extension;
			sourceTree = "<group>";
		};
		5EE350DC23E84A63003C7713 /* Hologram */ = {
			isa = PBXGroup;
			children = (
				5EE350E023E84A6F003C7713 /* intro.mp4 */,
				5EE350DE23E84A6E003C7713 /* presentation.mp4 */,
				5EE350DD23E84A6C003C7713 /* start.mp4 */,
				5EE350DF23E84A6E003C7713 /* instructions.mp4 */,
				5EE350EA23E84D31003C7713 /* waiting_no_song.mp4 */,
				5EE350E923E84D31003C7713 /* waiting.mp4 */,
			);
			path = Hologram;
			sourceTree = "<group>";
		};
/* End PBXGroup section */

/* Begin PBXNativeTarget section */
		5E00947623E0EC3D005C5DD7 /* VivazTree */ = {
			isa = PBXNativeTarget;
			buildConfigurationList = 5E00948B23E0EC40005C5DD7 /* Build configuration list for PBXNativeTarget "VivazTree" */;
			buildPhases = (
				5E00947323E0EC3D005C5DD7 /* Sources */,
				5E00947423E0EC3D005C5DD7 /* Frameworks */,
				5E00947523E0EC3D005C5DD7 /* Resources */,
			);
			buildRules = (
			);
			dependencies = (
			);
			name = VivazTree;
			productName = VivazTree;
			productReference = 5E00947723E0EC3D005C5DD7 /* VivazTree.app */;
			productType = "com.apple.product-type.application";
		};
/* End PBXNativeTarget section */

/* Begin PBXProject section */
		5E00946F23E0EC3D005C5DD7 /* Project object */ = {
			isa = PBXProject;
			attributes = {
				LastSwiftUpdateCheck = 1130;
				LastUpgradeCheck = 1130;
				ORGANIZATIONNAME = Veevaz;
				TargetAttributes = {
					5E00947623E0EC3D005C5DD7 = {
						CreatedOnToolsVersion = 11.3;
					};
				};
			};
			buildConfigurationList = 5E00947223E0EC3D005C5DD7 /* Build configuration list for PBXProject "VivazTree" */;
			compatibilityVersion = "Xcode 9.3";
			developmentRegion = en;
			hasScannedForEncodings = 0;
			knownRegions = (
				en,
				Base,
			);
			mainGroup = 5E00946E23E0EC3D005C5DD7;
			productRefGroup = 5E00947823E0EC3D005C5DD7 /* Products */;
			projectDirPath = "";
			projectRoot = "";
			targets = (
				5E00947623E0EC3D005C5DD7 /* VivazTree */,
			);
		};
/* End PBXProject section */

/* Begin PBXResourcesBuildPhase section */
		5E00947523E0EC3D005C5DD7 /* Resources */ = {
			isa = PBXResourcesBuildPhase;
			buildActionMask = 2147483647;
			files = (
				5E7DE9A523E886B500286DE4 /* arthur.mov in Resources */,
				5E7DE99E23E886B500286DE4 /* lupita.mov in Resources */,
				5E7DE9A923E886B500286DE4 /* heloisa.mov in Resources */,
				5E7DE9A623E886B500286DE4 /* wellignton.mov in Resources */,
				5E7DE9A023E886B500286DE4 /* gustavo.mov in Resources */,
				5E7DE9AA23E886B500286DE4 /* clailtinho.mov in Resources */,
				5E7DE99F23E886B500286DE4 /* henrique.mov in Resources */,
				5E7DE9A223E886B500286DE4 /* lara.mov in Resources */,
				5E7DE99C23E886B500286DE4 /* boris.mov in Resources */,
				5E7DE9A123E886B500286DE4 /* willinha.mov in Resources */,
				5E7DE9A423E886B500286DE4 /* wesllen.mov in Resources */,
				5EE350E123E84A6F003C7713 /* start.mp4 in Resources */,
				5EE350EC23E84D31003C7713 /* waiting_no_song.mp4 in Resources */,
				5E7DE99D23E886B500286DE4 /* lorena.mov in Resources */,
				5EC2435323E7943000748D36 /* tech_pedestal.usdz in Resources */,
				5EE350EB23E84D31003C7713 /* waiting.mp4 in Resources */,
				5E00948723E0EC40005C5DD7 /* LaunchScreen.storyboard in Resources */,
				5EE350E223E84A6F003C7713 /* presentation.mp4 in Resources */,
				5EE350E423E84A6F003C7713 /* intro.mp4 in Resources */,
				5EE350E323E84A6F003C7713 /* instructions.mp4 in Resources */,
				5E7DE9A723E886B500286DE4 /* murilo.mov in Resources */,
				5E00948423E0EC40005C5DD7 /* Assets.xcassets in Resources */,
				5E00948223E0EC3D005C5DD7 /* Main.storyboard in Resources */,
				5E7DE9A323E886B500286DE4 /* toddy.mov in Resources */,
			);
			runOnlyForDeploymentPostprocessing = 0;
		};
/* End PBXResourcesBuildPhase section */

/* Begin PBXSourcesBuildPhase section */
		5E00947323E0EC3D005C5DD7 /* Sources */ = {
			isa = PBXSourcesBuildPhase;
			buildActionMask = 2147483647;
			files = (
				5EC2434A23E6DAA100748D36 /* HologramNode.swift in Sources */,
				5E4F7BC623E392AA0052D30F /* Model.swift in Sources */,
				5EAD14722401A73300B860B6 /* Tappable.swift in Sources */,
				5E0094D123E23BF7005C5DD7 /* ChromaKeyMaterial.swift in Sources */,
				5EC2434C23E6DF4400748D36 /* TreeNode.swift in Sources */,
				5E0094DB23E25176005C5DD7 /* Card.swift in Sources */,
				5E00947F23E0EC3D005C5DD7 /* ViewController.swift in Sources */,
				5EC2434823E4EDE000748D36 /* HologramMaterial.swift in Sources */,
				5EC2435023E737FD00748D36 /* SCNNode+Extension.swift in Sources */,
				5E0094D923E25155005C5DD7 /* CardNode.swift in Sources */,
				5E4F7BC223E3925A0052D30F /* Family.swift in Sources */,
				5E4F7BCA23E3C46C0052D30F /* TesteMaterial.swift in Sources */,
				5E00947B23E0EC3D005C5DD7 /* AppDelegate.swift in Sources */,
				5EC2434E23E72FD700748D36 /* Date+Extension.swift in Sources */,
				5E4F7BC423E3926F0052D30F /* Person.swift in Sources */,
				5E00947D23E0EC3D005C5DD7 /* SceneDelegate.swift in Sources */,
			);
			runOnlyForDeploymentPostprocessing = 0;
		};
/* End PBXSourcesBuildPhase section */

/* Begin PBXVariantGroup section */
		5E00948023E0EC3D005C5DD7 /* Main.storyboard */ = {
			isa = PBXVariantGroup;
			children = (
				5E00948123E0EC3D005C5DD7 /* Base */,
			);
			name = Main.storyboard;
			sourceTree = "<group>";
		};
		5E00948523E0EC40005C5DD7 /* LaunchScreen.storyboard */ = {
			isa = PBXVariantGroup;
			children = (
				5E00948623E0EC40005C5DD7 /* Base */,
			);
			name = LaunchScreen.storyboard;
			sourceTree = "<group>";
		};
/* End PBXVariantGroup section */

/* Begin XCBuildConfiguration section */
		5E00948923E0EC40005C5DD7 /* Debug */ = {
			isa = XCBuildConfiguration;
			buildSettings = {
				ALWAYS_SEARCH_USER_PATHS = NO;
				CLANG_ANALYZER_NONNULL = YES;
				CLANG_ANALYZER_NUMBER_OBJECT_CONVERSION = YES_AGGRESSIVE;
				CLANG_CXX_LANGUAGE_STANDARD = "gnu++14";
				CLANG_CXX_LIBRARY = "libc++";
				CLANG_ENABLE_MODULES = YES;
				CLANG_ENABLE_OBJC_ARC = YES;
				CLANG_ENABLE_OBJC_WEAK = YES;
				CLANG_WARN_BLOCK_CAPTURE_AUTORELEASING = YES;
				CLANG_WARN_BOOL_CONVERSION = YES;
				CLANG_WARN_COMMA = YES;
				CLANG_WARN_CONSTANT_CONVERSION = YES;
				CLANG_WARN_DEPRECATED_OBJC_IMPLEMENTATIONS = YES;
				CLANG_WARN_DIRECT_OBJC_ISA_USAGE = YES_ERROR;
				CLANG_WARN_DOCUMENTATION_COMMENTS = YES;
				CLANG_WARN_EMPTY_BODY = YES;
				CLANG_WARN_ENUM_CONVERSION = YES;
				CLANG_WARN_INFINITE_RECURSION = YES;
				CLANG_WARN_INT_CONVERSION = YES;
				CLANG_WARN_NON_LITERAL_NULL_CONVERSION = YES;
				CLANG_WARN_OBJC_IMPLICIT_RETAIN_SELF = YES;
				CLANG_WARN_OBJC_LITERAL_CONVERSION = YES;
				CLANG_WARN_OBJC_ROOT_CLASS = YES_ERROR;
				CLANG_WARN_RANGE_LOOP_ANALYSIS = YES;
				CLANG_WARN_STRICT_PROTOTYPES = YES;
				CLANG_WARN_SUSPICIOUS_MOVE = YES;
				CLANG_WARN_UNGUARDED_AVAILABILITY = YES_AGGRESSIVE;
				CLANG_WARN_UNREACHABLE_CODE = YES;
				CLANG_WARN__DUPLICATE_METHOD_MATCH = YES;
				COPY_PHASE_STRIP = NO;
				DEBUG_INFORMATION_FORMAT = dwarf;
				ENABLE_STRICT_OBJC_MSGSEND = YES;
				ENABLE_TESTABILITY = YES;
				GCC_C_LANGUAGE_STANDARD = gnu11;
				GCC_DYNAMIC_NO_PIC = NO;
				GCC_NO_COMMON_BLOCKS = YES;
				GCC_OPTIMIZATION_LEVEL = 0;
				GCC_PREPROCESSOR_DEFINITIONS = (
					"DEBUG=1",
					"$(inherited)",
				);
				GCC_WARN_64_TO_32_BIT_CONVERSION = YES;
				GCC_WARN_ABOUT_RETURN_TYPE = YES_ERROR;
				GCC_WARN_UNDECLARED_SELECTOR = YES;
				GCC_WARN_UNINITIALIZED_AUTOS = YES_AGGRESSIVE;
				GCC_WARN_UNUSED_FUNCTION = YES;
				GCC_WARN_UNUSED_VARIABLE = YES;
				IPHONEOS_DEPLOYMENT_TARGET = 13.2;
				MTL_ENABLE_DEBUG_INFO = INCLUDE_SOURCE;
				MTL_FAST_MATH = YES;
				ONLY_ACTIVE_ARCH = YES;
				SDKROOT = iphoneos;
				SWIFT_ACTIVE_COMPILATION_CONDITIONS = DEBUG;
				SWIFT_OPTIMIZATION_LEVEL = "-Onone";
			};
			name = Debug;
		};
		5E00948A23E0EC40005C5DD7 /* Release */ = {
			isa = XCBuildConfiguration;
			buildSettings = {
				ALWAYS_SEARCH_USER_PATHS = NO;
				CLANG_ANALYZER_NONNULL = YES;
				CLANG_ANALYZER_NUMBER_OBJECT_CONVERSION = YES_AGGRESSIVE;
				CLANG_CXX_LANGUAGE_STANDARD = "gnu++14";
				CLANG_CXX_LIBRARY = "libc++";
				CLANG_ENABLE_MODULES = YES;
				CLANG_ENABLE_OBJC_ARC = YES;
				CLANG_ENABLE_OBJC_WEAK = YES;
				CLANG_WARN_BLOCK_CAPTURE_AUTORELEASING = YES;
				CLANG_WARN_BOOL_CONVERSION = YES;
				CLANG_WARN_COMMA = YES;
				CLANG_WARN_CONSTANT_CONVERSION = YES;
				CLANG_WARN_DEPRECATED_OBJC_IMPLEMENTATIONS = YES;
				CLANG_WARN_DIRECT_OBJC_ISA_USAGE = YES_ERROR;
				CLANG_WARN_DOCUMENTATION_COMMENTS = YES;
				CLANG_WARN_EMPTY_BODY = YES;
				CLANG_WARN_ENUM_CONVERSION = YES;
				CLANG_WARN_INFINITE_RECURSION = YES;
				CLANG_WARN_INT_CONVERSION = YES;
				CLANG_WARN_NON_LITERAL_NULL_CONVERSION = YES;
				CLANG_WARN_OBJC_IMPLICIT_RETAIN_SELF = YES;
				CLANG_WARN_OBJC_LITERAL_CONVERSION = YES;
				CLANG_WARN_OBJC_ROOT_CLASS = YES_ERROR;
				CLANG_WARN_RANGE_LOOP_ANALYSIS = YES;
				CLANG_WARN_STRICT_PROTOTYPES = YES;
				CLANG_WARN_SUSPICIOUS_MOVE = YES;
				CLANG_WARN_UNGUARDED_AVAILABILITY = YES_AGGRESSIVE;
				CLANG_WARN_UNREACHABLE_CODE = YES;
				CLANG_WARN__DUPLICATE_METHOD_MATCH = YES;
				COPY_PHASE_STRIP = NO;
				DEBUG_INFORMATION_FORMAT = "dwarf-with-dsym";
				ENABLE_NS_ASSERTIONS = NO;
				ENABLE_STRICT_OBJC_MSGSEND = YES;
				GCC_C_LANGUAGE_STANDARD = gnu11;
				GCC_NO_COMMON_BLOCKS = YES;
				GCC_WARN_64_TO_32_BIT_CONVERSION = YES;
				GCC_WARN_ABOUT_RETURN_TYPE = YES_ERROR;
				GCC_WARN_UNDECLARED_SELECTOR = YES;
				GCC_WARN_UNINITIALIZED_AUTOS = YES_AGGRESSIVE;
				GCC_WARN_UNUSED_FUNCTION = YES;
				GCC_WARN_UNUSED_VARIABLE = YES;
				IPHONEOS_DEPLOYMENT_TARGET = 13.2;
				MTL_ENABLE_DEBUG_INFO = NO;
				MTL_FAST_MATH = YES;
				SDKROOT = iphoneos;
				SWIFT_COMPILATION_MODE = wholemodule;
				SWIFT_OPTIMIZATION_LEVEL = "-O";
				VALIDATE_PRODUCT = YES;
			};
			name = Release;
		};
		5E00948C23E0EC40005C5DD7 /* Debug */ = {
			isa = XCBuildConfiguration;
			buildSettings = {
				ASSETCATALOG_COMPILER_APPICON_NAME = AppIcon;
				CODE_SIGN_STYLE = Automatic;
				DEVELOPMENT_TEAM = 6B563564C5;
				INFOPLIST_FILE = VivazTree/Info.plist;
				LD_RUNPATH_SEARCH_PATHS = (
					"$(inherited)",
					"@executable_path/Frameworks",
				);
				PRODUCT_BUNDLE_IDENTIFIER = com.veevaz.VivazTree;
				PRODUCT_NAME = "$(TARGET_NAME)";
				SWIFT_VERSION = 5.0;
				TARGETED_DEVICE_FAMILY = "1,2";
			};
			name = Debug;
		};
		5E00948D23E0EC40005C5DD7 /* Release */ = {
			isa = XCBuildConfiguration;
			buildSettings = {
				ASSETCATALOG_COMPILER_APPICON_NAME = AppIcon;
				CODE_SIGN_STYLE = Automatic;
				DEVELOPMENT_TEAM = 6B563564C5;
				INFOPLIST_FILE = VivazTree/Info.plist;
				LD_RUNPATH_SEARCH_PATHS = (
					"$(inherited)",
					"@executable_path/Frameworks",
				);
				PRODUCT_BUNDLE_IDENTIFIER = com.veevaz.VivazTree;
				PRODUCT_NAME = "$(TARGET_NAME)";
				SWIFT_VERSION = 5.0;
				TARGETED_DEVICE_FAMILY = "1,2";
			};
			name = Release;
		};
/* End XCBuildConfiguration section */

/* Begin XCConfigurationList section */
		5E00947223E0EC3D005C5DD7 /* Build configuration list for PBXProject "VivazTree" */ = {
			isa = XCConfigurationList;
			buildConfigurations = (
				5E00948923E0EC40005C5DD7 /* Debug */,
				5E00948A23E0EC40005C5DD7 /* Release */,
			);
			defaultConfigurationIsVisible = 0;
			defaultConfigurationName = Release;
		};
		5E00948B23E0EC40005C5DD7 /* Build configuration list for PBXNativeTarget "VivazTree" */ = {
			isa = XCConfigurationList;
			buildConfigurations = (
				5E00948C23E0EC40005C5DD7 /* Debug */,
				5E00948D23E0EC40005C5DD7 /* Release */,
			);
			defaultConfigurationIsVisible = 0;
			defaultConfigurationName = Release;
		};
/* End XCConfigurationList section */
	};
	rootObject = 5E00946F23E0EC3D005C5DD7 /* Project object */;
}
